
Microsoft Visual Studio Solution File, Format Version 12.00
# Visual Studio Version 17
VisualStudioVersion = 17.10.35013.160
MinimumVisualStudioVersion = 10.0.40219.1
Project("{FAE04EC0-301F-11D3-BF4B-00C04F79EFBC}") = "SpaceTrafficController", "SpaceTrafficController.csproj", "{07F8650F-C57A-4BBA-B6E1-A2D8774FABBD}"
EndProject
Global
	GlobalSection(SolutionConfigurationPlatforms) = preSolution
		Debug|Any CPU = Debug|Any CPU
		Release|Any CPU = Release|Any CPU
	EndGlobalSection
	GlobalSection(ProjectConfigurationPlatforms) = postSolution
		{07F8650F-C57A-4BBA-B6E1-A2D8774FABBD}.Debug|Any CPU.ActiveCfg = Debug|Any CPU
		{07F8650F-C57A-4BBA-B6E1-A2D8774FABBD}.Debug|Any CPU.Build.0 = Debug|Any CPU
		{07F8650F-C57A-4BBA-B6E1-A2D8774FABBD}.Release|Any CPU.ActiveCfg = Release|Any CPU
		{07F8650F-C57A-4BBA-B6E1-A2D8774FABBD}.Release|Any CPU.Build.0 = Release|Any CPU
	EndGlobalSection
	GlobalSection(SolutionProperties) = preSolution
		HideSolutionNode = FALSE
	EndGlobalSection
	GlobalSection(ExtensibilityGlobals) = postSolution
		SolutionGuid = {73ACACFA-21C4-413F-8CD4-DDE9647BA496}
	EndGlobalSection
EndGlobal
